// !$*UTF8*$!
{
	archiveVersion = 1;
	classes = {
	};
	objectVersion = 51;
	objects = {

/* Begin PBXBuildFile section */
		9009367723EEDDEB00632DAB /* AppDelegate.swift in Sources */ = {isa = PBXBuildFile; fileRef = 9009367623EEDDEB00632DAB /* AppDelegate.swift */; };
		9009367923EEDDEB00632DAB /* SceneDelegate.swift in Sources */ = {isa = PBXBuildFile; fileRef = 9009367823EEDDEB00632DAB /* SceneDelegate.swift */; };
		9009367E23EEDDEB00632DAB /* Main.storyboard in Resources */ = {isa = PBXBuildFile; fileRef = 9009367C23EEDDEB00632DAB /* Main.storyboard */; };
		9009368123EEDDEB00632DAB /* LaunchLibrary.xcdatamodeld in Sources */ = {isa = PBXBuildFile; fileRef = 9009367F23EEDDEB00632DAB /* LaunchLibrary.xcdatamodeld */; };
		9009368323EEDDEF00632DAB /* Assets.xcassets in Resources */ = {isa = PBXBuildFile; fileRef = 9009368223EEDDEF00632DAB /* Assets.xcassets */; };
		9009368623EEDDEF00632DAB /* LaunchScreen.storyboard in Resources */ = {isa = PBXBuildFile; fileRef = 9009368423EEDDEF00632DAB /* LaunchScreen.storyboard */; };
		9009369123EEDDEF00632DAB /* LaunchLibraryTests.swift in Sources */ = {isa = PBXBuildFile; fileRef = 9009369023EEDDEF00632DAB /* LaunchLibraryTests.swift */; };
		9009369C23EEDDEF00632DAB /* LaunchLibraryUITests.swift in Sources */ = {isa = PBXBuildFile; fileRef = 9009369B23EEDDEF00632DAB /* LaunchLibraryUITests.swift */; };
		900C61BA23EF3597000502DC /* SettingsViewController.swift in Sources */ = {isa = PBXBuildFile; fileRef = 900C61B923EF3597000502DC /* SettingsViewController.swift */; };
		900C61BC23EF35AF000502DC /* LaunchesViewController.swift in Sources */ = {isa = PBXBuildFile; fileRef = 900C61BB23EF35AF000502DC /* LaunchesViewController.swift */; };
		900C61BF23EF35CF000502DC /* RocketsViewController.swift in Sources */ = {isa = PBXBuildFile; fileRef = 900C61BE23EF35CF000502DC /* RocketsViewController.swift */; };
		900C61C123EF36D6000502DC /* LaunchesViewModel.swift in Sources */ = {isa = PBXBuildFile; fileRef = 900C61C023EF36D6000502DC /* LaunchesViewModel.swift */; };
		900C61C523EF39F4000502DC /* LaunchTableViewCell.swift in Sources */ = {isa = PBXBuildFile; fileRef = 900C61C323EF39F4000502DC /* LaunchTableViewCell.swift */; };
		900C61C623EF39F4000502DC /* LaunchTableViewCell.xib in Resources */ = {isa = PBXBuildFile; fileRef = 900C61C423EF39F4000502DC /* LaunchTableViewCell.xib */; };
		900C61C823EF460A000502DC /* LaunchTableCellViewModel.swift in Sources */ = {isa = PBXBuildFile; fileRef = 900C61C723EF460A000502DC /* LaunchTableCellViewModel.swift */; };
		900C61CA23EF4990000502DC /* DefaultLaunchTableCellViewModel.swift in Sources */ = {isa = PBXBuildFile; fileRef = 900C61C923EF4990000502DC /* DefaultLaunchTableCellViewModel.swift */; };
		900C61CE23EF4AE9000502DC /* AppError.swift in Sources */ = {isa = PBXBuildFile; fileRef = 900C61CD23EF4AE9000502DC /* AppError.swift */; };
		9042F12523F86EBA0054E932 /* RepositoryProtocol.swift in Sources */ = {isa = PBXBuildFile; fileRef = 9042F12423F86EBA0054E932 /* RepositoryProtocol.swift */; };
		9042F12723F8705D0054E932 /* RocketLaunch.swift in Sources */ = {isa = PBXBuildFile; fileRef = 9042F12623F8705D0054E932 /* RocketLaunch.swift */; };
		9042F12A23F879980054E932 /* LaunchLocation.swift in Sources */ = {isa = PBXBuildFile; fileRef = 9042F12923F879980054E932 /* LaunchLocation.swift */; };
		9042F12C23F87A290054E932 /* Rocket.swift in Sources */ = {isa = PBXBuildFile; fileRef = 9042F12B23F87A290054E932 /* Rocket.swift */; };
		9210FF598BC930E960C356D2 /* Pods_LaunchLibraryTests.framework in Frameworks */ = {isa = PBXBuildFile; fileRef = EA4CC6539BD2911A866D1A91 /* Pods_LaunchLibraryTests.framework */; };
		C7AC22CC8173BBEE71380373 /* Pods_LaunchLibrary.framework in Frameworks */ = {isa = PBXBuildFile; fileRef = 98CB939E625B3BD6289BC537 /* Pods_LaunchLibrary.framework */; };
		FF38AE3475059F6239CB44A7 /* Pods_LaunchLibrary_LaunchLibraryUITests.framework in Frameworks */ = {isa = PBXBuildFile; fileRef = DF01AAEF6076D41910FF8382 /* Pods_LaunchLibrary_LaunchLibraryUITests.framework */; };
/* End PBXBuildFile section */

/* Begin PBXContainerItemProxy section */
		9009368D23EEDDEF00632DAB /* PBXContainerItemProxy */ = {
			isa = PBXContainerItemProxy;
			containerPortal = 9009366B23EEDDEA00632DAB /* Project object */;
			proxyType = 1;
			remoteGlobalIDString = 9009367223EEDDEA00632DAB;
			remoteInfo = LaunchLibrary;
		};
		9009369823EEDDEF00632DAB /* PBXContainerItemProxy */ = {
			isa = PBXContainerItemProxy;
			containerPortal = 9009366B23EEDDEA00632DAB /* Project object */;
			proxyType = 1;
			remoteGlobalIDString = 9009367223EEDDEA00632DAB;
			remoteInfo = LaunchLibrary;
		};
/* End PBXContainerItemProxy section */

/* Begin PBXFileReference section */
		1C710B41927A49C4D5B888EA /* Pods-LaunchLibrary.release.xcconfig */ = {isa = PBXFileReference; includeInIndex = 1; lastKnownFileType = text.xcconfig; name = "Pods-LaunchLibrary.release.xcconfig"; path = "Target Support Files/Pods-LaunchLibrary/Pods-LaunchLibrary.release.xcconfig"; sourceTree = "<group>"; };
		640605375870DF4FA20B178A /* Pods-LaunchLibrary.debug.xcconfig */ = {isa = PBXFileReference; includeInIndex = 1; lastKnownFileType = text.xcconfig; name = "Pods-LaunchLibrary.debug.xcconfig"; path = "Target Support Files/Pods-LaunchLibrary/Pods-LaunchLibrary.debug.xcconfig"; sourceTree = "<group>"; };
		7CD93EDE3938D9F01A74CE40 /* Pods-LaunchLibrary-LaunchLibraryUITests.release.xcconfig */ = {isa = PBXFileReference; includeInIndex = 1; lastKnownFileType = text.xcconfig; name = "Pods-LaunchLibrary-LaunchLibraryUITests.release.xcconfig"; path = "Target Support Files/Pods-LaunchLibrary-LaunchLibraryUITests/Pods-LaunchLibrary-LaunchLibraryUITests.release.xcconfig"; sourceTree = "<group>"; };
		9009367323EEDDEB00632DAB /* LaunchLibrary.app */ = {isa = PBXFileReference; explicitFileType = wrapper.application; includeInIndex = 0; path = LaunchLibrary.app; sourceTree = BUILT_PRODUCTS_DIR; };
		9009367623EEDDEB00632DAB /* AppDelegate.swift */ = {isa = PBXFileReference; lastKnownFileType = sourcecode.swift; path = AppDelegate.swift; sourceTree = "<group>"; };
		9009367823EEDDEB00632DAB /* SceneDelegate.swift */ = {isa = PBXFileReference; lastKnownFileType = sourcecode.swift; path = SceneDelegate.swift; sourceTree = "<group>"; };
		9009367D23EEDDEB00632DAB /* Base */ = {isa = PBXFileReference; lastKnownFileType = file.storyboard; name = Base; path = Base.lproj/Main.storyboard; sourceTree = "<group>"; };
		9009368023EEDDEB00632DAB /* LaunchLibrary.xcdatamodel */ = {isa = PBXFileReference; lastKnownFileType = wrapper.xcdatamodel; path = LaunchLibrary.xcdatamodel; sourceTree = "<group>"; };
		9009368223EEDDEF00632DAB /* Assets.xcassets */ = {isa = PBXFileReference; lastKnownFileType = folder.assetcatalog; path = Assets.xcassets; sourceTree = "<group>"; };
		9009368523EEDDEF00632DAB /* Base */ = {isa = PBXFileReference; lastKnownFileType = file.storyboard; name = Base; path = Base.lproj/LaunchScreen.storyboard; sourceTree = "<group>"; };
		9009368723EEDDEF00632DAB /* Info.plist */ = {isa = PBXFileReference; lastKnownFileType = text.plist.xml; path = Info.plist; sourceTree = "<group>"; };
		9009368C23EEDDEF00632DAB /* LaunchLibraryTests.xctest */ = {isa = PBXFileReference; explicitFileType = wrapper.cfbundle; includeInIndex = 0; path = LaunchLibraryTests.xctest; sourceTree = BUILT_PRODUCTS_DIR; };
		9009369023EEDDEF00632DAB /* LaunchLibraryTests.swift */ = {isa = PBXFileReference; lastKnownFileType = sourcecode.swift; path = LaunchLibraryTests.swift; sourceTree = "<group>"; };
		9009369223EEDDEF00632DAB /* Info.plist */ = {isa = PBXFileReference; lastKnownFileType = text.plist.xml; path = Info.plist; sourceTree = "<group>"; };
		9009369723EEDDEF00632DAB /* LaunchLibraryUITests.xctest */ = {isa = PBXFileReference; explicitFileType = wrapper.cfbundle; includeInIndex = 0; path = LaunchLibraryUITests.xctest; sourceTree = BUILT_PRODUCTS_DIR; };
		9009369B23EEDDEF00632DAB /* LaunchLibraryUITests.swift */ = {isa = PBXFileReference; lastKnownFileType = sourcecode.swift; path = LaunchLibraryUITests.swift; sourceTree = "<group>"; };
		9009369D23EEDDEF00632DAB /* Info.plist */ = {isa = PBXFileReference; lastKnownFileType = text.plist.xml; path = Info.plist; sourceTree = "<group>"; };
		900C61B923EF3597000502DC /* SettingsViewController.swift */ = {isa = PBXFileReference; lastKnownFileType = sourcecode.swift; path = SettingsViewController.swift; sourceTree = "<group>"; };
		900C61BB23EF35AF000502DC /* LaunchesViewController.swift */ = {isa = PBXFileReference; lastKnownFileType = sourcecode.swift; path = LaunchesViewController.swift; sourceTree = "<group>"; };
		900C61BE23EF35CF000502DC /* RocketsViewController.swift */ = {isa = PBXFileReference; lastKnownFileType = sourcecode.swift; path = RocketsViewController.swift; sourceTree = "<group>"; };
		900C61C023EF36D6000502DC /* LaunchesViewModel.swift */ = {isa = PBXFileReference; lastKnownFileType = sourcecode.swift; path = LaunchesViewModel.swift; sourceTree = "<group>"; };
		900C61C323EF39F4000502DC /* LaunchTableViewCell.swift */ = {isa = PBXFileReference; lastKnownFileType = sourcecode.swift; path = LaunchTableViewCell.swift; sourceTree = "<group>"; };
		900C61C423EF39F4000502DC /* LaunchTableViewCell.xib */ = {isa = PBXFileReference; lastKnownFileType = file.xib; path = LaunchTableViewCell.xib; sourceTree = "<group>"; };
		900C61C723EF460A000502DC /* LaunchTableCellViewModel.swift */ = {isa = PBXFileReference; lastKnownFileType = sourcecode.swift; path = LaunchTableCellViewModel.swift; sourceTree = "<group>"; };
		900C61C923EF4990000502DC /* DefaultLaunchTableCellViewModel.swift */ = {isa = PBXFileReference; lastKnownFileType = sourcecode.swift; path = DefaultLaunchTableCellViewModel.swift; sourceTree = "<group>"; };
		900C61CD23EF4AE9000502DC /* AppError.swift */ = {isa = PBXFileReference; lastKnownFileType = sourcecode.swift; path = AppError.swift; sourceTree = "<group>"; };
		9042F12423F86EBA0054E932 /* RepositoryProtocol.swift */ = {isa = PBXFileReference; lastKnownFileType = sourcecode.swift; path = RepositoryProtocol.swift; sourceTree = "<group>"; };
		9042F12623F8705D0054E932 /* RocketLaunch.swift */ = {isa = PBXFileReference; lastKnownFileType = sourcecode.swift; path = RocketLaunch.swift; sourceTree = "<group>"; };
		9042F12923F879980054E932 /* LaunchLocation.swift */ = {isa = PBXFileReference; lastKnownFileType = sourcecode.swift; path = LaunchLocation.swift; sourceTree = "<group>"; };
		9042F12B23F87A290054E932 /* Rocket.swift */ = {isa = PBXFileReference; lastKnownFileType = sourcecode.swift; path = Rocket.swift; sourceTree = "<group>"; };
		98CB939E625B3BD6289BC537 /* Pods_LaunchLibrary.framework */ = {isa = PBXFileReference; explicitFileType = wrapper.framework; includeInIndex = 0; path = Pods_LaunchLibrary.framework; sourceTree = BUILT_PRODUCTS_DIR; };
		BFA475C803A249644C080EDC /* Pods-LaunchLibraryTests.release.xcconfig */ = {isa = PBXFileReference; includeInIndex = 1; lastKnownFileType = text.xcconfig; name = "Pods-LaunchLibraryTests.release.xcconfig"; path = "Target Support Files/Pods-LaunchLibraryTests/Pods-LaunchLibraryTests.release.xcconfig"; sourceTree = "<group>"; };
		CF17D36A2EB5B37EFC9B2453 /* Pods-LaunchLibrary-LaunchLibraryUITests.debug.xcconfig */ = {isa = PBXFileReference; includeInIndex = 1; lastKnownFileType = text.xcconfig; name = "Pods-LaunchLibrary-LaunchLibraryUITests.debug.xcconfig"; path = "Target Support Files/Pods-LaunchLibrary-LaunchLibraryUITests/Pods-LaunchLibrary-LaunchLibraryUITests.debug.xcconfig"; sourceTree = "<group>"; };
		DF01AAEF6076D41910FF8382 /* Pods_LaunchLibrary_LaunchLibraryUITests.framework */ = {isa = PBXFileReference; explicitFileType = wrapper.framework; includeInIndex = 0; path = Pods_LaunchLibrary_LaunchLibraryUITests.framework; sourceTree = BUILT_PRODUCTS_DIR; };
		EA4CC6539BD2911A866D1A91 /* Pods_LaunchLibraryTests.framework */ = {isa = PBXFileReference; explicitFileType = wrapper.framework; includeInIndex = 0; path = Pods_LaunchLibraryTests.framework; sourceTree = BUILT_PRODUCTS_DIR; };
		F33C6AC8CCB6169DC94384C0 /* Pods-LaunchLibraryTests.debug.xcconfig */ = {isa = PBXFileReference; includeInIndex = 1; lastKnownFileType = text.xcconfig; name = "Pods-LaunchLibraryTests.debug.xcconfig"; path = "Target Support Files/Pods-LaunchLibraryTests/Pods-LaunchLibraryTests.debug.xcconfig"; sourceTree = "<group>"; };
/* End PBXFileReference section */

/* Begin PBXFrameworksBuildPhase section */
		9009367023EEDDEA00632DAB /* Frameworks */ = {
			isa = PBXFrameworksBuildPhase;
			buildActionMask = 2147483647;
			files = (
				C7AC22CC8173BBEE71380373 /* Pods_LaunchLibrary.framework in Frameworks */,
			);
			runOnlyForDeploymentPostprocessing = 0;
		};
		9009368923EEDDEF00632DAB /* Frameworks */ = {
			isa = PBXFrameworksBuildPhase;
			buildActionMask = 2147483647;
			files = (
				9210FF598BC930E960C356D2 /* Pods_LaunchLibraryTests.framework in Frameworks */,
			);
			runOnlyForDeploymentPostprocessing = 0;
		};
		9009369423EEDDEF00632DAB /* Frameworks */ = {
			isa = PBXFrameworksBuildPhase;
			buildActionMask = 2147483647;
			files = (
				FF38AE3475059F6239CB44A7 /* Pods_LaunchLibrary_LaunchLibraryUITests.framework in Frameworks */,
			);
			runOnlyForDeploymentPostprocessing = 0;
		};
/* End PBXFrameworksBuildPhase section */

/* Begin PBXGroup section */
		7C85BA37AF138A36FB9470A8 /* Frameworks */ = {
			isa = PBXGroup;
			children = (
				98CB939E625B3BD6289BC537 /* Pods_LaunchLibrary.framework */,
				DF01AAEF6076D41910FF8382 /* Pods_LaunchLibrary_LaunchLibraryUITests.framework */,
				EA4CC6539BD2911A866D1A91 /* Pods_LaunchLibraryTests.framework */,
			);
			name = Frameworks;
			sourceTree = "<group>";
		};
		9009366A23EEDDEA00632DAB = {
			isa = PBXGroup;
			children = (
				9009367523EEDDEB00632DAB /* LaunchLibrary */,
				9009368F23EEDDEF00632DAB /* LaunchLibraryTests */,
				9009369A23EEDDEF00632DAB /* LaunchLibraryUITests */,
				9009367423EEDDEB00632DAB /* Products */,
				B4892E0E2DF5B6335E67A39E /* Pods */,
				7C85BA37AF138A36FB9470A8 /* Frameworks */,
			);
			sourceTree = "<group>";
		};
		9009367423EEDDEB00632DAB /* Products */ = {
			isa = PBXGroup;
			children = (
				9009367323EEDDEB00632DAB /* LaunchLibrary.app */,
				9009368C23EEDDEF00632DAB /* LaunchLibraryTests.xctest */,
				9009369723EEDDEF00632DAB /* LaunchLibraryUITests.xctest */,
			);
			name = Products;
			sourceTree = "<group>";
		};
		9009367523EEDDEB00632DAB /* LaunchLibrary */ = {
			isa = PBXGroup;
			children = (
				9042F11F23F86D650054E932 /* Infrastracture */,
				900C61CB23EF4AD1000502DC /* Common */,
				900C61B823EF352C000502DC /* Rockets */,
				900C61B723EF3526000502DC /* Setting */,
				900C61B623EF351A000502DC /* Launches */,
				9009367623EEDDEB00632DAB /* AppDelegate.swift */,
				9009367823EEDDEB00632DAB /* SceneDelegate.swift */,
				9009367C23EEDDEB00632DAB /* Main.storyboard */,
				9009368223EEDDEF00632DAB /* Assets.xcassets */,
				9009368423EEDDEF00632DAB /* LaunchScreen.storyboard */,
				9009368723EEDDEF00632DAB /* Info.plist */,
				9009367F23EEDDEB00632DAB /* LaunchLibrary.xcdatamodeld */,
			);
			path = LaunchLibrary;
			sourceTree = "<group>";
		};
		9009368F23EEDDEF00632DAB /* LaunchLibraryTests */ = {
			isa = PBXGroup;
			children = (
				9009369023EEDDEF00632DAB /* LaunchLibraryTests.swift */,
				9009369223EEDDEF00632DAB /* Info.plist */,
			);
			path = LaunchLibraryTests;
			sourceTree = "<group>";
		};
		9009369A23EEDDEF00632DAB /* LaunchLibraryUITests */ = {
			isa = PBXGroup;
			children = (
				9009369B23EEDDEF00632DAB /* LaunchLibraryUITests.swift */,
				9009369D23EEDDEF00632DAB /* Info.plist */,
			);
			path = LaunchLibraryUITests;
			sourceTree = "<group>";
		};
		900C61B623EF351A000502DC /* Launches */ = {
			isa = PBXGroup;
			children = (
				900C61C223EF38C2000502DC /* LaunchCellModel */,
				900C61C023EF36D6000502DC /* LaunchesViewModel.swift */,
				900C61BB23EF35AF000502DC /* LaunchesViewController.swift */,
			);
			path = Launches;
			sourceTree = "<group>";
		};
		900C61B723EF3526000502DC /* Setting */ = {
			isa = PBXGroup;
			children = (
				900C61B923EF3597000502DC /* SettingsViewController.swift */,
			);
			path = Setting;
			sourceTree = "<group>";
		};
		900C61B823EF352C000502DC /* Rockets */ = {
			isa = PBXGroup;
			children = (
				900C61BE23EF35CF000502DC /* RocketsViewController.swift */,
			);
			path = Rockets;
			sourceTree = "<group>";
		};
		900C61C223EF38C2000502DC /* LaunchCellModel */ = {
			isa = PBXGroup;
			children = (
				900C61C723EF460A000502DC /* LaunchTableCellViewModel.swift */,
				900C61C923EF4990000502DC /* DefaultLaunchTableCellViewModel.swift */,
				900C61C323EF39F4000502DC /* LaunchTableViewCell.swift */,
				900C61C423EF39F4000502DC /* LaunchTableViewCell.xib */,
			);
			path = LaunchCellModel;
			sourceTree = "<group>";
		};
		900C61CB23EF4AD1000502DC /* Common */ = {
			isa = PBXGroup;
			children = (
				900C61CC23EF4AD6000502DC /* Error */,
			);
			path = Common;
			sourceTree = "<group>";
		};
		900C61CC23EF4AD6000502DC /* Error */ = {
			isa = PBXGroup;
			children = (
				900C61CD23EF4AE9000502DC /* AppError.swift */,
			);
			path = Error;
			sourceTree = "<group>";
		};
		9042F11F23F86D650054E932 /* Infrastracture */ = {
			isa = PBXGroup;
			children = (
				9042F12823F870690054E932 /* Models */,
				9042F12023F86D700054E932 /* Repository */,
			);
			path = Infrastracture;
			sourceTree = "<group>";
		};
		9042F12023F86D700054E932 /* Repository */ = {
			isa = PBXGroup;
			children = (
				9042F12F23F87B2D0054E932 /* RepositoryTOModel */,
				9042F12423F86EBA0054E932 /* RepositoryProtocol.swift */,
			);
			path = Repository;
			sourceTree = "<group>";
		};
		9042F12823F870690054E932 /* Models */ = {
			isa = PBXGroup;
			children = (
				9042F12623F8705D0054E932 /* RocketLaunch.swift */,
				9042F12923F879980054E932 /* LaunchLocation.swift */,
				9042F12B23F87A290054E932 /* Rocket.swift */,
			);
			path = Models;
			sourceTree = "<group>";
		};
		9042F12F23F87B2D0054E932 /* RepositoryTOModel */ = {
			isa = PBXGroup;
			children = (
			);
			path = RepositoryTOModel;
			sourceTree = "<group>";
		};
		B4892E0E2DF5B6335E67A39E /* Pods */ = {
			isa = PBXGroup;
			children = (
				640605375870DF4FA20B178A /* Pods-LaunchLibrary.debug.xcconfig */,
				1C710B41927A49C4D5B888EA /* Pods-LaunchLibrary.release.xcconfig */,
				CF17D36A2EB5B37EFC9B2453 /* Pods-LaunchLibrary-LaunchLibraryUITests.debug.xcconfig */,
				7CD93EDE3938D9F01A74CE40 /* Pods-LaunchLibrary-LaunchLibraryUITests.release.xcconfig */,
				F33C6AC8CCB6169DC94384C0 /* Pods-LaunchLibraryTests.debug.xcconfig */,
				BFA475C803A249644C080EDC /* Pods-LaunchLibraryTests.release.xcconfig */,
			);
			path = Pods;
			sourceTree = "<group>";
		};
/* End PBXGroup section */

/* Begin PBXNativeTarget section */
		9009367223EEDDEA00632DAB /* LaunchLibrary */ = {
			isa = PBXNativeTarget;
			buildConfigurationList = 900936A023EEDDEF00632DAB /* Build configuration list for PBXNativeTarget "LaunchLibrary" */;
			buildPhases = (
				F9E91C24F538ABA28D3F60EF /* [CP] Check Pods Manifest.lock */,
				9009366F23EEDDEA00632DAB /* Sources */,
				9009367023EEDDEA00632DAB /* Frameworks */,
				9009367123EEDDEA00632DAB /* Resources */,
				B7159D751F600BE91392A715 /* [CP] Embed Pods Frameworks */,
			);
			buildRules = (
			);
			dependencies = (
			);
			name = LaunchLibrary;
			productName = LaunchLibrary;
			productReference = 9009367323EEDDEB00632DAB /* LaunchLibrary.app */;
			productType = "com.apple.product-type.application";
		};
		9009368B23EEDDEF00632DAB /* LaunchLibraryTests */ = {
			isa = PBXNativeTarget;
			buildConfigurationList = 900936A323EEDDEF00632DAB /* Build configuration list for PBXNativeTarget "LaunchLibraryTests" */;
			buildPhases = (
				821DE97C49321AFF63894FB4 /* [CP] Check Pods Manifest.lock */,
				9009368823EEDDEF00632DAB /* Sources */,
				9009368923EEDDEF00632DAB /* Frameworks */,
				9009368A23EEDDEF00632DAB /* Resources */,
			);
			buildRules = (
			);
			dependencies = (
				9009368E23EEDDEF00632DAB /* PBXTargetDependency */,
			);
			name = LaunchLibraryTests;
			productName = LaunchLibraryTests;
			productReference = 9009368C23EEDDEF00632DAB /* LaunchLibraryTests.xctest */;
			productType = "com.apple.product-type.bundle.unit-test";
		};
		9009369623EEDDEF00632DAB /* LaunchLibraryUITests */ = {
			isa = PBXNativeTarget;
			buildConfigurationList = 900936A623EEDDEF00632DAB /* Build configuration list for PBXNativeTarget "LaunchLibraryUITests" */;
			buildPhases = (
				A4684576CF5E7FCE19DA464E /* [CP] Check Pods Manifest.lock */,
				9009369323EEDDEF00632DAB /* Sources */,
				9009369423EEDDEF00632DAB /* Frameworks */,
				9009369523EEDDEF00632DAB /* Resources */,
				D9CAB3BA9E408B8A76D09DB7 /* [CP] Embed Pods Frameworks */,
			);
			buildRules = (
			);
			dependencies = (
				9009369923EEDDEF00632DAB /* PBXTargetDependency */,
			);
			name = LaunchLibraryUITests;
			productName = LaunchLibraryUITests;
			productReference = 9009369723EEDDEF00632DAB /* LaunchLibraryUITests.xctest */;
			productType = "com.apple.product-type.bundle.ui-testing";
		};
/* End PBXNativeTarget section */

/* Begin PBXProject section */
		9009366B23EEDDEA00632DAB /* Project object */ = {
			isa = PBXProject;
			attributes = {
				LastSwiftUpdateCheck = 1130;
				LastUpgradeCheck = 1130;
				ORGANIZATIONNAME = kassergey;
				TargetAttributes = {
					9009367223EEDDEA00632DAB = {
						CreatedOnToolsVersion = 11.3.1;
					};
					9009368B23EEDDEF00632DAB = {
						CreatedOnToolsVersion = 11.3.1;
						TestTargetID = 9009367223EEDDEA00632DAB;
					};
					9009369623EEDDEF00632DAB = {
						CreatedOnToolsVersion = 11.3.1;
						TestTargetID = 9009367223EEDDEA00632DAB;
					};
				};
			};
			buildConfigurationList = 9009366E23EEDDEA00632DAB /* Build configuration list for PBXProject "LaunchLibrary" */;
			compatibilityVersion = "Xcode 9.3";
			developmentRegion = en;
			hasScannedForEncodings = 0;
			knownRegions = (
				en,
				Base,
			);
			mainGroup = 9009366A23EEDDEA00632DAB;
			productRefGroup = 9009367423EEDDEB00632DAB /* Products */;
			projectDirPath = "";
			projectRoot = "";
			targets = (
				9009367223EEDDEA00632DAB /* LaunchLibrary */,
				9009368B23EEDDEF00632DAB /* LaunchLibraryTests */,
				9009369623EEDDEF00632DAB /* LaunchLibraryUITests */,
			);
		};
/* End PBXProject section */

/* Begin PBXResourcesBuildPhase section */
		9009367123EEDDEA00632DAB /* Resources */ = {
			isa = PBXResourcesBuildPhase;
			buildActionMask = 2147483647;
			files = (
				9009368623EEDDEF00632DAB /* LaunchScreen.storyboard in Resources */,
				9009368323EEDDEF00632DAB /* Assets.xcassets in Resources */,
				900C61C623EF39F4000502DC /* LaunchTableViewCell.xib in Resources */,
				9009367E23EEDDEB00632DAB /* Main.storyboard in Resources */,
			);
			runOnlyForDeploymentPostprocessing = 0;
		};
		9009368A23EEDDEF00632DAB /* Resources */ = {
			isa = PBXResourcesBuildPhase;
			buildActionMask = 2147483647;
			files = (
			);
			runOnlyForDeploymentPostprocessing = 0;
		};
		9009369523EEDDEF00632DAB /* Resources */ = {
			isa = PBXResourcesBuildPhase;
			buildActionMask = 2147483647;
			files = (
			);
			runOnlyForDeploymentPostprocessing = 0;
		};
/* End PBXResourcesBuildPhase section */

/* Begin PBXShellScriptBuildPhase section */
		821DE97C49321AFF63894FB4 /* [CP] Check Pods Manifest.lock */ = {
			isa = PBXShellScriptBuildPhase;
			buildActionMask = 2147483647;
			files = (
			);
			inputFileListPaths = (
			);
			inputPaths = (
				"${PODS_PODFILE_DIR_PATH}/Podfile.lock",
				"${PODS_ROOT}/Manifest.lock",
			);
			name = "[CP] Check Pods Manifest.lock";
			outputFileListPaths = (
			);
			outputPaths = (
				"$(DERIVED_FILE_DIR)/Pods-LaunchLibraryTests-checkManifestLockResult.txt",
			);
			runOnlyForDeploymentPostprocessing = 0;
			shellPath = /bin/sh;
			shellScript = "diff \"${PODS_PODFILE_DIR_PATH}/Podfile.lock\" \"${PODS_ROOT}/Manifest.lock\" > /dev/null\nif [ $? != 0 ] ; then\n    # print error to STDERR\n    echo \"error: The sandbox is not in sync with the Podfile.lock. Run 'pod install' or update your CocoaPods installation.\" >&2\n    exit 1\nfi\n# This output is used by Xcode 'outputs' to avoid re-running this script phase.\necho \"SUCCESS\" > \"${SCRIPT_OUTPUT_FILE_0}\"\n";
			showEnvVarsInLog = 0;
		};
		A4684576CF5E7FCE19DA464E /* [CP] Check Pods Manifest.lock */ = {
			isa = PBXShellScriptBuildPhase;
			buildActionMask = 2147483647;
			files = (
			);
			inputFileListPaths = (
			);
			inputPaths = (
				"${PODS_PODFILE_DIR_PATH}/Podfile.lock",
				"${PODS_ROOT}/Manifest.lock",
			);
			name = "[CP] Check Pods Manifest.lock";
			outputFileListPaths = (
			);
			outputPaths = (
				"$(DERIVED_FILE_DIR)/Pods-LaunchLibrary-LaunchLibraryUITests-checkManifestLockResult.txt",
			);
			runOnlyForDeploymentPostprocessing = 0;
			shellPath = /bin/sh;
			shellScript = "diff \"${PODS_PODFILE_DIR_PATH}/Podfile.lock\" \"${PODS_ROOT}/Manifest.lock\" > /dev/null\nif [ $? != 0 ] ; then\n    # print error to STDERR\n    echo \"error: The sandbox is not in sync with the Podfile.lock. Run 'pod install' or update your CocoaPods installation.\" >&2\n    exit 1\nfi\n# This output is used by Xcode 'outputs' to avoid re-running this script phase.\necho \"SUCCESS\" > \"${SCRIPT_OUTPUT_FILE_0}\"\n";
			showEnvVarsInLog = 0;
		};
		B7159D751F600BE91392A715 /* [CP] Embed Pods Frameworks */ = {
			isa = PBXShellScriptBuildPhase;
			buildActionMask = 2147483647;
			files = (
			);
			inputFileListPaths = (
				"${PODS_ROOT}/Target Support Files/Pods-LaunchLibrary/Pods-LaunchLibrary-frameworks-${CONFIGURATION}-input-files.xcfilelist",
			);
			name = "[CP] Embed Pods Frameworks";
			outputFileListPaths = (
				"${PODS_ROOT}/Target Support Files/Pods-LaunchLibrary/Pods-LaunchLibrary-frameworks-${CONFIGURATION}-output-files.xcfilelist",
			);
			runOnlyForDeploymentPostprocessing = 0;
			shellPath = /bin/sh;
			shellScript = "\"${PODS_ROOT}/Target Support Files/Pods-LaunchLibrary/Pods-LaunchLibrary-frameworks.sh\"\n";
			showEnvVarsInLog = 0;
		};
		D9CAB3BA9E408B8A76D09DB7 /* [CP] Embed Pods Frameworks */ = {
			isa = PBXShellScriptBuildPhase;
			buildActionMask = 2147483647;
			files = (
			);
			inputFileListPaths = (
				"${PODS_ROOT}/Target Support Files/Pods-LaunchLibrary-LaunchLibraryUITests/Pods-LaunchLibrary-LaunchLibraryUITests-frameworks-${CONFIGURATION}-input-files.xcfilelist",
			);
			name = "[CP] Embed Pods Frameworks";
			outputFileListPaths = (
				"${PODS_ROOT}/Target Support Files/Pods-LaunchLibrary-LaunchLibraryUITests/Pods-LaunchLibrary-LaunchLibraryUITests-frameworks-${CONFIGURATION}-output-files.xcfilelist",
			);
			runOnlyForDeploymentPostprocessing = 0;
			shellPath = /bin/sh;
			shellScript = "\"${PODS_ROOT}/Target Support Files/Pods-LaunchLibrary-LaunchLibraryUITests/Pods-LaunchLibrary-LaunchLibraryUITests-frameworks.sh\"\n";
			showEnvVarsInLog = 0;
		};
		F9E91C24F538ABA28D3F60EF /* [CP] Check Pods Manifest.lock */ = {
			isa = PBXShellScriptBuildPhase;
			buildActionMask = 2147483647;
			files = (
			);
			inputFileListPaths = (
			);
			inputPaths = (
				"${PODS_PODFILE_DIR_PATH}/Podfile.lock",
				"${PODS_ROOT}/Manifest.lock",
			);
			name = "[CP] Check Pods Manifest.lock";
			outputFileListPaths = (
			);
			outputPaths = (
				"$(DERIVED_FILE_DIR)/Pods-LaunchLibrary-checkManifestLockResult.txt",
			);
			runOnlyForDeploymentPostprocessing = 0;
			shellPath = /bin/sh;
			shellScript = "diff \"${PODS_PODFILE_DIR_PATH}/Podfile.lock\" \"${PODS_ROOT}/Manifest.lock\" > /dev/null\nif [ $? != 0 ] ; then\n    # print error to STDERR\n    echo \"error: The sandbox is not in sync with the Podfile.lock. Run 'pod install' or update your CocoaPods installation.\" >&2\n    exit 1\nfi\n# This output is used by Xcode 'outputs' to avoid re-running this script phase.\necho \"SUCCESS\" > \"${SCRIPT_OUTPUT_FILE_0}\"\n";
			showEnvVarsInLog = 0;
		};
/* End PBXShellScriptBuildPhase section */

/* Begin PBXSourcesBuildPhase section */
		9009366F23EEDDEA00632DAB /* Sources */ = {
			isa = PBXSourcesBuildPhase;
			buildActionMask = 2147483647;
			files = (
				900C61BF23EF35CF000502DC /* RocketsViewController.swift in Sources */,
				9009367723EEDDEB00632DAB /* AppDelegate.swift in Sources */,
				900C61CA23EF4990000502DC /* DefaultLaunchTableCellViewModel.swift in Sources */,
				9042F12C23F87A290054E932 /* Rocket.swift in Sources */,
				900C61C523EF39F4000502DC /* LaunchTableViewCell.swift in Sources */,
				9009368123EEDDEB00632DAB /* LaunchLibrary.xcdatamodeld in Sources */,
				9042F12523F86EBA0054E932 /* RepositoryProtocol.swift in Sources */,
				9042F12723F8705D0054E932 /* RocketLaunch.swift in Sources */,
				900C61C123EF36D6000502DC /* LaunchesViewModel.swift in Sources */,
				900C61BC23EF35AF000502DC /* LaunchesViewController.swift in Sources */,
				9009367923EEDDEB00632DAB /* SceneDelegate.swift in Sources */,
				900C61CE23EF4AE9000502DC /* AppError.swift in Sources */,
				9042F12A23F879980054E932 /* LaunchLocation.swift in Sources */,
				900C61BA23EF3597000502DC /* SettingsViewController.swift in Sources */,
				900C61C823EF460A000502DC /* LaunchTableCellViewModel.swift in Sources */,
			);
			runOnlyForDeploymentPostprocessing = 0;
		};
		9009368823EEDDEF00632DAB /* Sources */ = {
			isa = PBXSourcesBuildPhase;
			buildActionMask = 2147483647;
			files = (
				9009369123EEDDEF00632DAB /* LaunchLibraryTests.swift in Sources */,
			);
			runOnlyForDeploymentPostprocessing = 0;
		};
		9009369323EEDDEF00632DAB /* Sources */ = {
			isa = PBXSourcesBuildPhase;
			buildActionMask = 2147483647;
			files = (
				9009369C23EEDDEF00632DAB /* LaunchLibraryUITests.swift in Sources */,
			);
			runOnlyForDeploymentPostprocessing = 0;
		};
/* End PBXSourcesBuildPhase section */

/* Begin PBXTargetDependency section */
		9009368E23EEDDEF00632DAB /* PBXTargetDependency */ = {
			isa = PBXTargetDependency;
			target = 9009367223EEDDEA00632DAB /* LaunchLibrary */;
			targetProxy = 9009368D23EEDDEF00632DAB /* PBXContainerItemProxy */;
		};
		9009369923EEDDEF00632DAB /* PBXTargetDependency */ = {
			isa = PBXTargetDependency;
			target = 9009367223EEDDEA00632DAB /* LaunchLibrary */;
			targetProxy = 9009369823EEDDEF00632DAB /* PBXContainerItemProxy */;
		};
/* End PBXTargetDependency section */

/* Begin PBXVariantGroup section */
		9009367C23EEDDEB00632DAB /* Main.storyboard */ = {
			isa = PBXVariantGroup;
			children = (
				9009367D23EEDDEB00632DAB /* Base */,
			);
			name = Main.storyboard;
			sourceTree = "<group>";
		};
		9009368423EEDDEF00632DAB /* LaunchScreen.storyboard */ = {
			isa = PBXVariantGroup;
			children = (
				9009368523EEDDEF00632DAB /* Base */,
			);
			name = LaunchScreen.storyboard;
			sourceTree = "<group>";
		};
/* End PBXVariantGroup section */

/* Begin XCBuildConfiguration section */
		9009369E23EEDDEF00632DAB /* Debug */ = {
			isa = XCBuildConfiguration;
			buildSettings = {
				ALWAYS_SEARCH_USER_PATHS = NO;
				CLANG_ANALYZER_NONNULL = YES;
				CLANG_ANALYZER_NUMBER_OBJECT_CONVERSION = YES_AGGRESSIVE;
				CLANG_CXX_LANGUAGE_STANDARD = "gnu++14";
				CLANG_CXX_LIBRARY = "libc++";
				CLANG_ENABLE_MODULES = YES;
				CLANG_ENABLE_OBJC_ARC = YES;
				CLANG_ENABLE_OBJC_WEAK = YES;
				CLANG_WARN_BLOCK_CAPTURE_AUTORELEASING = YES;
				CLANG_WARN_BOOL_CONVERSION = YES;
				CLANG_WARN_COMMA = YES;
				CLANG_WARN_CONSTANT_CONVERSION = YES;
				CLANG_WARN_DEPRECATED_OBJC_IMPLEMENTATIONS = YES;
				CLANG_WARN_DIRECT_OBJC_ISA_USAGE = YES_ERROR;
				CLANG_WARN_DOCUMENTATION_COMMENTS = YES;
				CLANG_WARN_EMPTY_BODY = YES;
				CLANG_WARN_ENUM_CONVERSION = YES;
				CLANG_WARN_INFINITE_RECURSION = YES;
				CLANG_WARN_INT_CONVERSION = YES;
				CLANG_WARN_NON_LITERAL_NULL_CONVERSION = YES;
				CLANG_WARN_OBJC_IMPLICIT_RETAIN_SELF = YES;
				CLANG_WARN_OBJC_LITERAL_CONVERSION = YES;
				CLANG_WARN_OBJC_ROOT_CLASS = YES_ERROR;
				CLANG_WARN_RANGE_LOOP_ANALYSIS = YES;
				CLANG_WARN_STRICT_PROTOTYPES = YES;
				CLANG_WARN_SUSPICIOUS_MOVE = YES;
				CLANG_WARN_UNGUARDED_AVAILABILITY = YES_AGGRESSIVE;
				CLANG_WARN_UNREACHABLE_CODE = YES;
				CLANG_WARN__DUPLICATE_METHOD_MATCH = YES;
				COPY_PHASE_STRIP = NO;
				DEBUG_INFORMATION_FORMAT = dwarf;
				ENABLE_STRICT_OBJC_MSGSEND = YES;
				ENABLE_TESTABILITY = YES;
				GCC_C_LANGUAGE_STANDARD = gnu11;
				GCC_DYNAMIC_NO_PIC = NO;
				GCC_NO_COMMON_BLOCKS = YES;
				GCC_OPTIMIZATION_LEVEL = 0;
				GCC_PREPROCESSOR_DEFINITIONS = (
					"DEBUG=1",
					"$(inherited)",
				);
				GCC_WARN_64_TO_32_BIT_CONVERSION = YES;
				GCC_WARN_ABOUT_RETURN_TYPE = YES_ERROR;
				GCC_WARN_UNDECLARED_SELECTOR = YES;
				GCC_WARN_UNINITIALIZED_AUTOS = YES_AGGRESSIVE;
				GCC_WARN_UNUSED_FUNCTION = YES;
				GCC_WARN_UNUSED_VARIABLE = YES;
				IPHONEOS_DEPLOYMENT_TARGET = 13.2;
				MTL_ENABLE_DEBUG_INFO = INCLUDE_SOURCE;
				MTL_FAST_MATH = YES;
				ONLY_ACTIVE_ARCH = YES;
				SDKROOT = iphoneos;
				SWIFT_ACTIVE_COMPILATION_CONDITIONS = DEBUG;
				SWIFT_OPTIMIZATION_LEVEL = "-Onone";
			};
			name = Debug;
		};
		9009369F23EEDDEF00632DAB /* Release */ = {
			isa = XCBuildConfiguration;
			buildSettings = {
				ALWAYS_SEARCH_USER_PATHS = NO;
				CLANG_ANALYZER_NONNULL = YES;
				CLANG_ANALYZER_NUMBER_OBJECT_CONVERSION = YES_AGGRESSIVE;
				CLANG_CXX_LANGUAGE_STANDARD = "gnu++14";
				CLANG_CXX_LIBRARY = "libc++";
				CLANG_ENABLE_MODULES = YES;
				CLANG_ENABLE_OBJC_ARC = YES;
				CLANG_ENABLE_OBJC_WEAK = YES;
				CLANG_WARN_BLOCK_CAPTURE_AUTORELEASING = YES;
				CLANG_WARN_BOOL_CONVERSION = YES;
				CLANG_WARN_COMMA = YES;
				CLANG_WARN_CONSTANT_CONVERSION = YES;
				CLANG_WARN_DEPRECATED_OBJC_IMPLEMENTATIONS = YES;
				CLANG_WARN_DIRECT_OBJC_ISA_USAGE = YES_ERROR;
				CLANG_WARN_DOCUMENTATION_COMMENTS = YES;
				CLANG_WARN_EMPTY_BODY = YES;
				CLANG_WARN_ENUM_CONVERSION = YES;
				CLANG_WARN_INFINITE_RECURSION = YES;
				CLANG_WARN_INT_CONVERSION = YES;
				CLANG_WARN_NON_LITERAL_NULL_CONVERSION = YES;
				CLANG_WARN_OBJC_IMPLICIT_RETAIN_SELF = YES;
				CLANG_WARN_OBJC_LITERAL_CONVERSION = YES;
				CLANG_WARN_OBJC_ROOT_CLASS = YES_ERROR;
				CLANG_WARN_RANGE_LOOP_ANALYSIS = YES;
				CLANG_WARN_STRICT_PROTOTYPES = YES;
				CLANG_WARN_SUSPICIOUS_MOVE = YES;
				CLANG_WARN_UNGUARDED_AVAILABILITY = YES_AGGRESSIVE;
				CLANG_WARN_UNREACHABLE_CODE = YES;
				CLANG_WARN__DUPLICATE_METHOD_MATCH = YES;
				COPY_PHASE_STRIP = NO;
				DEBUG_INFORMATION_FORMAT = "dwarf-with-dsym";
				ENABLE_NS_ASSERTIONS = NO;
				ENABLE_STRICT_OBJC_MSGSEND = YES;
				GCC_C_LANGUAGE_STANDARD = gnu11;
				GCC_NO_COMMON_BLOCKS = YES;
				GCC_WARN_64_TO_32_BIT_CONVERSION = YES;
				GCC_WARN_ABOUT_RETURN_TYPE = YES_ERROR;
				GCC_WARN_UNDECLARED_SELECTOR = YES;
				GCC_WARN_UNINITIALIZED_AUTOS = YES_AGGRESSIVE;
				GCC_WARN_UNUSED_FUNCTION = YES;
				GCC_WARN_UNUSED_VARIABLE = YES;
				IPHONEOS_DEPLOYMENT_TARGET = 13.2;
				MTL_ENABLE_DEBUG_INFO = NO;
				MTL_FAST_MATH = YES;
				SDKROOT = iphoneos;
				SWIFT_COMPILATION_MODE = wholemodule;
				SWIFT_OPTIMIZATION_LEVEL = "-O";
				VALIDATE_PRODUCT = YES;
			};
			name = Release;
		};
		900936A123EEDDEF00632DAB /* Debug */ = {
			isa = XCBuildConfiguration;
			baseConfigurationReference = 640605375870DF4FA20B178A /* Pods-LaunchLibrary.debug.xcconfig */;
			buildSettings = {
				ASSETCATALOG_COMPILER_APPICON_NAME = AppIcon;
				CODE_SIGN_STYLE = Automatic;
				INFOPLIST_FILE = LaunchLibrary/Info.plist;
				LD_RUNPATH_SEARCH_PATHS = (
					"$(inherited)",
					"@executable_path/Frameworks",
				);
				PRODUCT_BUNDLE_IDENTIFIER = com.kassergeymac.LaunchLibrary;
				PRODUCT_NAME = "$(TARGET_NAME)";
				SWIFT_VERSION = 5.0;
				TARGETED_DEVICE_FAMILY = "1,2";
			};
			name = Debug;
		};
		900936A223EEDDEF00632DAB /* Release */ = {
			isa = XCBuildConfiguration;
			baseConfigurationReference = 1C710B41927A49C4D5B888EA /* Pods-LaunchLibrary.release.xcconfig */;
			buildSettings = {
				ASSETCATALOG_COMPILER_APPICON_NAME = AppIcon;
				CODE_SIGN_STYLE = Automatic;
				INFOPLIST_FILE = LaunchLibrary/Info.plist;
				LD_RUNPATH_SEARCH_PATHS = (
					"$(inherited)",
					"@executable_path/Frameworks",
				);
				PRODUCT_BUNDLE_IDENTIFIER = com.kassergeymac.LaunchLibrary;
				PRODUCT_NAME = "$(TARGET_NAME)";
				SWIFT_VERSION = 5.0;
				TARGETED_DEVICE_FAMILY = "1,2";
			};
			name = Release;
		};
		900936A423EEDDEF00632DAB /* Debug */ = {
			isa = XCBuildConfiguration;
			baseConfigurationReference = F33C6AC8CCB6169DC94384C0 /* Pods-LaunchLibraryTests.debug.xcconfig */;
			buildSettings = {
				ALWAYS_EMBED_SWIFT_STANDARD_LIBRARIES = YES;
				BUNDLE_LOADER = "$(TEST_HOST)";
				CODE_SIGN_STYLE = Automatic;
				INFOPLIST_FILE = LaunchLibraryTests/Info.plist;
				IPHONEOS_DEPLOYMENT_TARGET = 13.2;
				LD_RUNPATH_SEARCH_PATHS = (
					"$(inherited)",
					"@executable_path/Frameworks",
					"@loader_path/Frameworks",
				);
				PRODUCT_BUNDLE_IDENTIFIER = com.kassergeymac.LaunchLibraryTests;
				PRODUCT_NAME = "$(TARGET_NAME)";
				SWIFT_VERSION = 5.0;
				TARGETED_DEVICE_FAMILY = "1,2";
				TEST_HOST = "$(BUILT_PRODUCTS_DIR)/LaunchLibrary.app/LaunchLibrary";
			};
			name = Debug;
		};
		900936A523EEDDEF00632DAB /* Release */ = {
			isa = XCBuildConfiguration;
			baseConfigurationReference = BFA475C803A249644C080EDC /* Pods-LaunchLibraryTests.release.xcconfig */;
			buildSettings = {
				ALWAYS_EMBED_SWIFT_STANDARD_LIBRARIES = YES;
				BUNDLE_LOADER = "$(TEST_HOST)";
				CODE_SIGN_STYLE = Automatic;
				INFOPLIST_FILE = LaunchLibraryTests/Info.plist;
				IPHONEOS_DEPLOYMENT_TARGET = 13.2;
				LD_RUNPATH_SEARCH_PATHS = (
					"$(inherited)",
					"@executable_path/Frameworks",
					"@loader_path/Frameworks",
				);
				PRODUCT_BUNDLE_IDENTIFIER = com.kassergeymac.LaunchLibraryTests;
				PRODUCT_NAME = "$(TARGET_NAME)";
				SWIFT_VERSION = 5.0;
				TARGETED_DEVICE_FAMILY = "1,2";
				TEST_HOST = "$(BUILT_PRODUCTS_DIR)/LaunchLibrary.app/LaunchLibrary";
			};
			name = Release;
		};
		900936A723EEDDEF00632DAB /* Debug */ = {
			isa = XCBuildConfiguration;
			baseConfigurationReference = CF17D36A2EB5B37EFC9B2453 /* Pods-LaunchLibrary-LaunchLibraryUITests.debug.xcconfig */;
			buildSettings = {
				ALWAYS_EMBED_SWIFT_STANDARD_LIBRARIES = YES;
				CODE_SIGN_STYLE = Automatic;
				INFOPLIST_FILE = LaunchLibraryUITests/Info.plist;
				LD_RUNPATH_SEARCH_PATHS = (
					"$(inherited)",
					"@executable_path/Frameworks",
					"@loader_path/Frameworks",
				);
				PRODUCT_BUNDLE_IDENTIFIER = com.kassergeymac.LaunchLibraryUITests;
				PRODUCT_NAME = "$(TARGET_NAME)";
				SWIFT_VERSION = 5.0;
				TARGETED_DEVICE_FAMILY = "1,2";
				TEST_TARGET_NAME = LaunchLibrary;
			};
			name = Debug;
		};
		900936A823EEDDEF00632DAB /* Release */ = {
			isa = XCBuildConfiguration;
			baseConfigurationReference = 7CD93EDE3938D9F01A74CE40 /* Pods-LaunchLibrary-LaunchLibraryUITests.release.xcconfig */;
			buildSettings = {
				ALWAYS_EMBED_SWIFT_STANDARD_LIBRARIES = YES;
				CODE_SIGN_STYLE = Automatic;
				INFOPLIST_FILE = LaunchLibraryUITests/Info.plist;
				LD_RUNPATH_SEARCH_PATHS = (
					"$(inherited)",
					"@executable_path/Frameworks",
					"@loader_path/Frameworks",
				);
				PRODUCT_BUNDLE_IDENTIFIER = com.kassergeymac.LaunchLibraryUITests;
				PRODUCT_NAME = "$(TARGET_NAME)";
				SWIFT_VERSION = 5.0;
				TARGETED_DEVICE_FAMILY = "1,2";
				TEST_TARGET_NAME = LaunchLibrary;
			};
			name = Release;
		};
/* End XCBuildConfiguration section */

/* Begin XCConfigurationList section */
		9009366E23EEDDEA00632DAB /* Build configuration list for PBXProject "LaunchLibrary" */ = {
			isa = XCConfigurationList;
			buildConfigurations = (
				9009369E23EEDDEF00632DAB /* Debug */,
				9009369F23EEDDEF00632DAB /* Release */,
			);
			defaultConfigurationIsVisible = 0;
			defaultConfigurationName = Release;
		};
		900936A023EEDDEF00632DAB /* Build configuration list for PBXNativeTarget "LaunchLibrary" */ = {
			isa = XCConfigurationList;
			buildConfigurations = (
				900936A123EEDDEF00632DAB /* Debug */,
				900936A223EEDDEF00632DAB /* Release */,
			);
			defaultConfigurationIsVisible = 0;
			defaultConfigurationName = Release;
		};
		900936A323EEDDEF00632DAB /* Build configuration list for PBXNativeTarget "LaunchLibraryTests" */ = {
			isa = XCConfigurationList;
			buildConfigurations = (
				900936A423EEDDEF00632DAB /* Debug */,
				900936A523EEDDEF00632DAB /* Release */,
			);
			defaultConfigurationIsVisible = 0;
			defaultConfigurationName = Release;
		};
		900936A623EEDDEF00632DAB /* Build configuration list for PBXNativeTarget "LaunchLibraryUITests" */ = {
			isa = XCConfigurationList;
			buildConfigurations = (
				900936A723EEDDEF00632DAB /* Debug */,
				900936A823EEDDEF00632DAB /* Release */,
			);
			defaultConfigurationIsVisible = 0;
			defaultConfigurationName = Release;
		};
/* End XCConfigurationList section */

/* Begin XCVersionGroup section */
		9009367F23EEDDEB00632DAB /* LaunchLibrary.xcdatamodeld */ = {
			isa = XCVersionGroup;
			children = (
				9009368023EEDDEB00632DAB /* LaunchLibrary.xcdatamodel */,
			);
			currentVersion = 9009368023EEDDEB00632DAB /* LaunchLibrary.xcdatamodel */;
			path = LaunchLibrary.xcdatamodeld;
			sourceTree = "<group>";
			versionGroupType = wrapper.xcdatamodel;
		};
/* End XCVersionGroup section */
	};
	rootObject = 9009366B23EEDDEA00632DAB /* Project object */;
}
