PODS:
  - IQKeyboardManagerSwift (6.5.5)

DEPENDENCIES:
  - IQKeyboardManagerSwift (~> 6.5)

SPEC REPOS:
  trunk:
    - IQKeyboardManagerSwift

SPEC CHECKSUMS:
  IQKeyboardManagerSwift: 0fb93310284665245591f50f7a5e38de615960b7

PODFILE CHECKSUM: bc94dc9ba2dbffa8ddd8cfaa56cd0041045cbbed

COCOAPODS: 1.8.4
